{
  "object": {
    "pins": [
      {
        "package": "bez",
        "repositoryURL": "https://github.com/kieranb662/bez.git",
        "state": {
          "branch": null,
          "revision": "3a3319c64431056b277ece9ea9780799c2ed4cf0",
          "version": "1.0.8"
        }
      },
      {
        "package": "CGExtender",
        "repositoryURL": "https://github.com/kieranb662/CGExtender.git",
        "state": {
          "branch": null,
          "revision": "3417457a041a238f4b0df9d702fd8d85bbdd6810",
          "version": "1.0.4"
        }
      },
      {
        "package": "Shapes",
        "repositoryURL": "https://github.com/arjun-dureja/SwiftUI-Shapes.git",
        "state": {
          "branch": "master",
          "revision": "6d790ad4ce2cd7510b782f300ed3ec1359061ebe",
          "version": null
        }
      }
    ]
  },
  "version": 1
}
